
Microsoft Visual Studio Solution File, Format Version 12.00
# Visual Studio Version 17
VisualStudioVersion = 17.13.35828.75 d17.13
MinimumVisualStudioVersion = 10.0.40219.1
Project("{FAE04EC0-301F-11D3-BF4B-00C04F79EFBC}") = "ToDoList_Backend", "ToDoList_Backend\ToDoList_Backend.csproj", "{FC376640-F4AD-4138-AAE4-981AD22A8662}"
EndProject
Global
	GlobalSection(SolutionConfigurationPlatforms) = preSolution
		Debug|Any CPU = Debug|Any CPU
		Release|Any CPU = Release|Any CPU
	EndGlobalSection
	GlobalSection(ProjectConfigurationPlatforms) = postSolution
		{FC376640-F4AD-4138-AAE4-981AD22A8662}.Debug|Any CPU.ActiveCfg = Debug|Any CPU
		{FC376640-F4AD-4138-AAE4-981AD22A8662}.Debug|Any CPU.Build.0 = Debug|Any CPU
		{FC376640-F4AD-4138-AAE4-981AD22A8662}.Release|Any CPU.ActiveCfg = Release|Any CPU
		{FC376640-F4AD-4138-AAE4-981AD22A8662}.Release|Any CPU.Build.0 = Release|Any CPU
	EndGlobalSection
	GlobalSection(SolutionProperties) = preSolution
		HideSolutionNode = FALSE
	EndGlobalSection
	GlobalSection(ExtensibilityGlobals) = postSolution
		SolutionGuid = {E92F5327-EBB7-4C41-8623-5EB64AAFD5E8}
	EndGlobalSection
EndGlobal
